// !$*UTF8*$!
{
	archiveVersion = 1;
	classes = {
	};
	objectVersion = 50;
	objects = {

/* Begin PBXBuildFile section */
		6EB8265B24A1113D001976FB /* AppDelegate.swift in Sources */ = {isa = PBXBuildFile; fileRef = 6EB8265A24A1113D001976FB /* AppDelegate.swift */; };
		6EB8265D24A1113D001976FB /* SceneDelegate.swift in Sources */ = {isa = PBXBuildFile; fileRef = 6EB8265C24A1113D001976FB /* SceneDelegate.swift */; };
		6EB8265F24A1113D001976FB /* ViewController.swift in Sources */ = {isa = PBXBuildFile; fileRef = 6EB8265E24A1113D001976FB /* ViewController.swift */; };
		6EB8266224A1113D001976FB /* Main.storyboard in Resources */ = {isa = PBXBuildFile; fileRef = 6EB8266024A1113D001976FB /* Main.storyboard */; };
		6EB8266524A1113D001976FB /* ToDoListCamp.xcdatamodeld in Sources */ = {isa = PBXBuildFile; fileRef = 6EB8266324A1113D001976FB /* ToDoListCamp.xcdatamodeld */; };
		6EB8266724A11142001976FB /* Assets.xcassets in Resources */ = {isa = PBXBuildFile; fileRef = 6EB8266624A11142001976FB /* Assets.xcassets */; };
		6EB8266A24A11142001976FB /* LaunchScreen.storyboard in Resources */ = {isa = PBXBuildFile; fileRef = 6EB8266824A11142001976FB /* LaunchScreen.storyboard */; };
/* End PBXBuildFile section */

/* Begin PBXFileReference section */
		6EB8265724A1113D001976FB /* ToDoListCamp.app */ = {isa = PBXFileReference; explicitFileType = wrapper.application; includeInIndex = 0; path = ToDoListCamp.app; sourceTree = BUILT_PRODUCTS_DIR; };
		6EB8265A24A1113D001976FB /* AppDelegate.swift */ = {isa = PBXFileReference; lastKnownFileType = sourcecode.swift; path = AppDelegate.swift; sourceTree = "<group>"; };
		6EB8265C24A1113D001976FB /* SceneDelegate.swift */ = {isa = PBXFileReference; lastKnownFileType = sourcecode.swift; path = SceneDelegate.swift; sourceTree = "<group>"; };
		6EB8265E24A1113D001976FB /* ViewController.swift */ = {isa = PBXFileReference; lastKnownFileType = sourcecode.swift; path = ViewController.swift; sourceTree = "<group>"; };
		6EB8266124A1113D001976FB /* Base */ = {isa = PBXFileReference; lastKnownFileType = file.storyboard; name = Base; path = Base.lproj/Main.storyboard; sourceTree = "<group>"; };
		6EB8266424A1113D001976FB /* ToDoListCamp.xcdatamodel */ = {isa = PBXFileReference; lastKnownFileType = wrapper.xcdatamodel; path = ToDoListCamp.xcdatamodel; sourceTree = "<group>"; };
		6EB8266624A11142001976FB /* Assets.xcassets */ = {isa = PBXFileReference; lastKnownFileType = folder.assetcatalog; path = Assets.xcassets; sourceTree = "<group>"; };
		6EB8266924A11142001976FB /* Base */ = {isa = PBXFileReference; lastKnownFileType = file.storyboard; name = Base; path = Base.lproj/LaunchScreen.storyboard; sourceTree = "<group>"; };
		6EB8266B24A11142001976FB /* Info.plist */ = {isa = PBXFileReference; lastKnownFileType = text.plist.xml; path = Info.plist; sourceTree = "<group>"; };
/* End PBXFileReference section */

/* Begin PBXFrameworksBuildPhase section */
		6EB8265424A1113D001976FB /* Frameworks */ = {
			isa = PBXFrameworksBuildPhase;
			buildActionMask = 2147483647;
			files = (
			);
			runOnlyForDeploymentPostprocessing = 0;
		};
/* End PBXFrameworksBuildPhase section */

/* Begin PBXGroup section */
		6EB8264E24A1113D001976FB = {
			isa = PBXGroup;
			children = (
				6EB8265924A1113D001976FB /* ToDoListCamp */,
				6EB8265824A1113D001976FB /* Products */,
			);
			sourceTree = "<group>";
		};
		6EB8265824A1113D001976FB /* Products */ = {
			isa = PBXGroup;
			children = (
				6EB8265724A1113D001976FB /* ToDoListCamp.app */,
			);
			name = Products;
			sourceTree = "<group>";
		};
		6EB8265924A1113D001976FB /* ToDoListCamp */ = {
			isa = PBXGroup;
			children = (
				6EB8265A24A1113D001976FB /* AppDelegate.swift */,
				6EB8265C24A1113D001976FB /* SceneDelegate.swift */,
				6EB8265E24A1113D001976FB /* ViewController.swift */,
				6EB8266024A1113D001976FB /* Main.storyboard */,
				6EB8266624A11142001976FB /* Assets.xcassets */,
				6EB8266824A11142001976FB /* LaunchScreen.storyboard */,
				6EB8266B24A11142001976FB /* Info.plist */,
				6EB8266324A1113D001976FB /* ToDoListCamp.xcdatamodeld */,
			);
			path = ToDoListCamp;
			sourceTree = "<group>";
		};
/* End PBXGroup section */

/* Begin PBXNativeTarget section */
		6EB8265624A1113D001976FB /* ToDoListCamp */ = {
			isa = PBXNativeTarget;
			buildConfigurationList = 6EB8266E24A11142001976FB /* Build configuration list for PBXNativeTarget "ToDoListCamp" */;
			buildPhases = (
				6EB8265324A1113D001976FB /* Sources */,
				6EB8265424A1113D001976FB /* Frameworks */,
				6EB8265524A1113D001976FB /* Resources */,
			);
			buildRules = (
			);
			dependencies = (
			);
			name = ToDoListCamp;
			productName = ToDoListCamp;
			productReference = 6EB8265724A1113D001976FB /* ToDoListCamp.app */;
			productType = "com.apple.product-type.application";
		};
/* End PBXNativeTarget section */

/* Begin PBXProject section */
		6EB8264F24A1113D001976FB /* Project object */ = {
			isa = PBXProject;
			attributes = {
				LastSwiftUpdateCheck = 1150;
				LastUpgradeCheck = 1150;
				ORGANIZATIONNAME = "Logan Brannan";
				TargetAttributes = {
					6EB8265624A1113D001976FB = {
						CreatedOnToolsVersion = 11.5;
					};
				};
			};
			buildConfigurationList = 6EB8265224A1113D001976FB /* Build configuration list for PBXProject "ToDoListCamp" */;
			compatibilityVersion = "Xcode 9.3";
			developmentRegion = en;
			hasScannedForEncodings = 0;
			knownRegions = (
				en,
				Base,
			);
			mainGroup = 6EB8264E24A1113D001976FB;
			productRefGroup = 6EB8265824A1113D001976FB /* Products */;
			projectDirPath = "";
			projectRoot = "";
			targets = (
				6EB8265624A1113D001976FB /* ToDoListCamp */,
			);
		};
/* End PBXProject section */

/* Begin PBXResourcesBuildPhase section */
		6EB8265524A1113D001976FB /* Resources */ = {
			isa = PBXResourcesBuildPhase;
			buildActionMask = 2147483647;
			files = (
				6EB8266A24A11142001976FB /* LaunchScreen.storyboard in Resources */,
				6EB8266724A11142001976FB /* Assets.xcassets in Resources */,
				6EB8266224A1113D001976FB /* Main.storyboard in Resources */,
			);
			runOnlyForDeploymentPostprocessing = 0;
		};
/* End PBXResourcesBuildPhase section */

/* Begin PBXSourcesBuildPhase section */
		6EB8265324A1113D001976FB /* Sources */ = {
			isa = PBXSourcesBuildPhase;
			buildActionMask = 2147483647;
			files = (
				6EB8266524A1113D001976FB /* ToDoListCamp.xcdatamodeld in Sources */,
				6EB8265F24A1113D001976FB /* ViewController.swift in Sources */,
				6EB8265B24A1113D001976FB /* AppDelegate.swift in Sources */,
				6EB8265D24A1113D001976FB /* SceneDelegate.swift in Sources */,
			);
			runOnlyForDeploymentPostprocessing = 0;
		};
/* End PBXSourcesBuildPhase section */

/* Begin PBXVariantGroup section */
		6EB8266024A1113D001976FB /* Main.storyboard */ = {
			isa = PBXVariantGroup;
			children = (
				6EB8266124A1113D001976FB /* Base */,
			);
			name = Main.storyboard;
			sourceTree = "<group>";
		};
		6EB8266824A11142001976FB /* LaunchScreen.storyboard */ = {
			isa = PBXVariantGroup;
			children = (
				6EB8266924A11142001976FB /* Base */,
			);
			name = LaunchScreen.storyboard;
			sourceTree = "<group>";
		};
/* End PBXVariantGroup section */

/* Begin XCBuildConfiguration section */
		6EB8266C24A11142001976FB /* Debug */ = {
			isa = XCBuildConfiguration;
			buildSettings = {
				ALWAYS_SEARCH_USER_PATHS = NO;
				CLANG_ANALYZER_NONNULL = YES;
				CLANG_ANALYZER_NUMBER_OBJECT_CONVERSION = YES_AGGRESSIVE;
				CLANG_CXX_LANGUAGE_STANDARD = "gnu++14";
				CLANG_CXX_LIBRARY = "libc++";
				CLANG_ENABLE_MODULES = YES;
				CLANG_ENABLE_OBJC_ARC = YES;
				CLANG_ENABLE_OBJC_WEAK = YES;
				CLANG_WARN_BLOCK_CAPTURE_AUTORELEASING = YES;
				CLANG_WARN_BOOL_CONVERSION = YES;
				CLANG_WARN_COMMA = YES;
				CLANG_WARN_CONSTANT_CONVERSION = YES;
				CLANG_WARN_DEPRECATED_OBJC_IMPLEMENTATIONS = YES;
				CLANG_WARN_DIRECT_OBJC_ISA_USAGE = YES_ERROR;
				CLANG_WARN_DOCUMENTATION_COMMENTS = YES;
				CLANG_WARN_EMPTY_BODY = YES;
				CLANG_WARN_ENUM_CONVERSION = YES;
				CLANG_WARN_INFINITE_RECURSION = YES;
				CLANG_WARN_INT_CONVERSION = YES;
				CLANG_WARN_NON_LITERAL_NULL_CONVERSION = YES;
				CLANG_WARN_OBJC_IMPLICIT_RETAIN_SELF = YES;
				CLANG_WARN_OBJC_LITERAL_CONVERSION = YES;
				CLANG_WARN_OBJC_ROOT_CLASS = YES_ERROR;
				CLANG_WARN_RANGE_LOOP_ANALYSIS = YES;
				CLANG_WARN_STRICT_PROTOTYPES = YES;
				CLANG_WARN_SUSPICIOUS_MOVE = YES;
				CLANG_WARN_UNGUARDED_AVAILABILITY = YES_AGGRESSIVE;
				CLANG_WARN_UNREACHABLE_CODE = YES;
				CLANG_WARN__DUPLICATE_METHOD_MATCH = YES;
				COPY_PHASE_STRIP = NO;
				DEBUG_INFORMATION_FORMAT = dwarf;
				ENABLE_STRICT_OBJC_MSGSEND = YES;
				ENABLE_TESTABILITY = YES;
				GCC_C_LANGUAGE_STANDARD = gnu11;
				GCC_DYNAMIC_NO_PIC = NO;
				GCC_NO_COMMON_BLOCKS = YES;
				GCC_OPTIMIZATION_LEVEL = 0;
				GCC_PREPROCESSOR_DEFINITIONS = (
					"DEBUG=1",
					"$(inherited)",
				);
				GCC_WARN_64_TO_32_BIT_CONVERSION = YES;
				GCC_WARN_ABOUT_RETURN_TYPE = YES_ERROR;
				GCC_WARN_UNDECLARED_SELECTOR = YES;
				GCC_WARN_UNINITIALIZED_AUTOS = YES_AGGRESSIVE;
				GCC_WARN_UNUSED_FUNCTION = YES;
				GCC_WARN_UNUSED_VARIABLE = YES;
				IPHONEOS_DEPLOYMENT_TARGET = 13.5;
				MTL_ENABLE_DEBUG_INFO = INCLUDE_SOURCE;
				MTL_FAST_MATH = YES;
				ONLY_ACTIVE_ARCH = YES;
				SDKROOT = iphoneos;
				SWIFT_ACTIVE_COMPILATION_CONDITIONS = DEBUG;
				SWIFT_OPTIMIZATION_LEVEL = "-Onone";
			};
			name = Debug;
		};
		6EB8266D24A11142001976FB /* Release */ = {
			isa = XCBuildConfiguration;
			buildSettings = {
				ALWAYS_SEARCH_USER_PATHS = NO;
				CLANG_ANALYZER_NONNULL = YES;
				CLANG_ANALYZER_NUMBER_OBJECT_CONVERSION = YES_AGGRESSIVE;
				CLANG_CXX_LANGUAGE_STANDARD = "gnu++14";
				CLANG_CXX_LIBRARY = "libc++";
				CLANG_ENABLE_MODULES = YES;
				CLANG_ENABLE_OBJC_ARC = YES;
				CLANG_ENABLE_OBJC_WEAK = YES;
				CLANG_WARN_BLOCK_CAPTURE_AUTORELEASING = YES;
				CLANG_WARN_BOOL_CONVERSION = YES;
				CLANG_WARN_COMMA = YES;
				CLANG_WARN_CONSTANT_CONVERSION = YES;
				CLANG_WARN_DEPRECATED_OBJC_IMPLEMENTATIONS = YES;
				CLANG_WARN_DIRECT_OBJC_ISA_USAGE = YES_ERROR;
				CLANG_WARN_DOCUMENTATION_COMMENTS = YES;
				CLANG_WARN_EMPTY_BODY = YES;
				CLANG_WARN_ENUM_CONVERSION = YES;
				CLANG_WARN_INFINITE_RECURSION = YES;
				CLANG_WARN_INT_CONVERSION = YES;
				CLANG_WARN_NON_LITERAL_NULL_CONVERSION = YES;
				CLANG_WARN_OBJC_IMPLICIT_RETAIN_SELF = YES;
				CLANG_WARN_OBJC_LITERAL_CONVERSION = YES;
				CLANG_WARN_OBJC_ROOT_CLASS = YES_ERROR;
				CLANG_WARN_RANGE_LOOP_ANALYSIS = YES;
				CLANG_WARN_STRICT_PROTOTYPES = YES;
				CLANG_WARN_SUSPICIOUS_MOVE = YES;
				CLANG_WARN_UNGUARDED_AVAILABILITY = YES_AGGRESSIVE;
				CLANG_WARN_UNREACHABLE_CODE = YES;
				CLANG_WARN__DUPLICATE_METHOD_MATCH = YES;
				COPY_PHASE_STRIP = NO;
				DEBUG_INFORMATION_FORMAT = "dwarf-with-dsym";
				ENABLE_NS_ASSERTIONS = NO;
				ENABLE_STRICT_OBJC_MSGSEND = YES;
				GCC_C_LANGUAGE_STANDARD = gnu11;
				GCC_NO_COMMON_BLOCKS = YES;
				GCC_WARN_64_TO_32_BIT_CONVERSION = YES;
				GCC_WARN_ABOUT_RETURN_TYPE = YES_ERROR;
				GCC_WARN_UNDECLARED_SELECTOR = YES;
				GCC_WARN_UNINITIALIZED_AUTOS = YES_AGGRESSIVE;
				GCC_WARN_UNUSED_FUNCTION = YES;
				GCC_WARN_UNUSED_VARIABLE = YES;
				IPHONEOS_DEPLOYMENT_TARGET = 13.5;
				MTL_ENABLE_DEBUG_INFO = NO;
				MTL_FAST_MATH = YES;
				SDKROOT = iphoneos;
				SWIFT_COMPILATION_MODE = wholemodule;
				SWIFT_OPTIMIZATION_LEVEL = "-O";
				VALIDATE_PRODUCT = YES;
			};
			name = Release;
		};
		6EB8266F24A11142001976FB /* Debug */ = {
			isa = XCBuildConfiguration;
			buildSettings = {
				ASSETCATALOG_COMPILER_APPICON_NAME = AppIcon;
				CODE_SIGN_STYLE = Automatic;
				INFOPLIST_FILE = ToDoListCamp/Info.plist;
				LD_RUNPATH_SEARCH_PATHS = (
					"$(inherited)",
					"@executable_path/Frameworks",
				);
				PRODUCT_BUNDLE_IDENTIFIER = KWK.ToDoListCamp;
				PRODUCT_NAME = "$(TARGET_NAME)";
				SWIFT_VERSION = 5.0;
				TARGETED_DEVICE_FAMILY = "1,2";
			};
			name = Debug;
		};
		6EB8267024A11142001976FB /* Release */ = {
			isa = XCBuildConfiguration;
			buildSettings = {
				ASSETCATALOG_COMPILER_APPICON_NAME = AppIcon;
				CODE_SIGN_STYLE = Automatic;
				INFOPLIST_FILE = ToDoListCamp/Info.plist;
				LD_RUNPATH_SEARCH_PATHS = (
					"$(inherited)",
					"@executable_path/Frameworks",
				);
				PRODUCT_BUNDLE_IDENTIFIER = KWK.ToDoListCamp;
				PRODUCT_NAME = "$(TARGET_NAME)";
				SWIFT_VERSION = 5.0;
				TARGETED_DEVICE_FAMILY = "1,2";
			};
			name = Release;
		};
/* End XCBuildConfiguration section */

/* Begin XCConfigurationList section */
		6EB8265224A1113D001976FB /* Build configuration list for PBXProject "ToDoListCamp" */ = {
			isa = XCConfigurationList;
			buildConfigurations = (
				6EB8266C24A11142001976FB /* Debug */,
				6EB8266D24A11142001976FB /* Release */,
			);
			defaultConfigurationIsVisible = 0;
			defaultConfigurationName = Release;
		};
		6EB8266E24A11142001976FB /* Build configuration list for PBXNativeTarget "ToDoListCamp" */ = {
			isa = XCConfigurationList;
			buildConfigurations = (
				6EB8266F24A11142001976FB /* Debug */,
				6EB8267024A11142001976FB /* Release */,
			);
			defaultConfigurationIsVisible = 0;
			defaultConfigurationName = Release;
		};
/* End XCConfigurationList section */

/* Begin XCVersionGroup section */
		6EB8266324A1113D001976FB /* ToDoListCamp.xcdatamodeld */ = {
			isa = XCVersionGroup;
			children = (
				6EB8266424A1113D001976FB /* ToDoListCamp.xcdatamodel */,
			);
			currentVersion = 6EB8266424A1113D001976FB /* ToDoListCamp.xcdatamodel */;
			path = ToDoListCamp.xcdatamodeld;
			sourceTree = "<group>";
			versionGroupType = wrapper.xcdatamodel;
		};
/* End XCVersionGroup section */
	};
	rootObject = 6EB8264F24A1113D001976FB /* Project object */;
}
